
Microsoft Visual Studio Solution File, Format Version 12.00
# Visual Studio Version 16
VisualStudioVersion = 16.0.29806.167
MinimumVisualStudioVersion = 15.0.26124.0
Project("{FAE04EC0-301F-11D3-BF4B-00C04F79EFBC}") = "GrpcTestService", "GrpcTestService\GrpcTestService.csproj", "{A07629E9-3CED-4EE4-8BF7-0F7FFFD6A031}"
EndProject
Project("{FAE04EC0-301F-11D3-BF4B-00C04F79EFBC}") = "GrpcShared", "GrpcShared\GrpcShared.csproj", "{0F918406-7202-4A02-AD39-ACE495B7988F}"
EndProject
Project("{FAE04EC0-301F-11D3-BF4B-00C04F79EFBC}") = "GrpcConsoleClient", "GrpcConsoleClient\GrpcConsoleClient.csproj", "{619E91C2-AD06-4DBB-868A-6070922629D0}"
EndProject
Global
	GlobalSection(SolutionConfigurationPlatforms) = preSolution
		Debug|Any CPU = Debug|Any CPU
		Debug|x64 = Debug|x64
		Debug|x86 = Debug|x86
		Release|Any CPU = Release|Any CPU
		Release|x64 = Release|x64
		Release|x86 = Release|x86
	EndGlobalSection
	GlobalSection(ProjectConfigurationPlatforms) = postSolution
		{A07629E9-3CED-4EE4-8BF7-0F7FFFD6A031}.Debug|Any CPU.ActiveCfg = Debug|Any CPU
		{A07629E9-3CED-4EE4-8BF7-0F7FFFD6A031}.Debug|Any CPU.Build.0 = Debug|Any CPU
		{A07629E9-3CED-4EE4-8BF7-0F7FFFD6A031}.Debug|x64.ActiveCfg = Debug|Any CPU
		{A07629E9-3CED-4EE4-8BF7-0F7FFFD6A031}.Debug|x64.Build.0 = Debug|Any CPU
		{A07629E9-3CED-4EE4-8BF7-0F7FFFD6A031}.Debug|x86.ActiveCfg = Debug|Any CPU
		{A07629E9-3CED-4EE4-8BF7-0F7FFFD6A031}.Debug|x86.Build.0 = Debug|Any CPU
		{A07629E9-3CED-4EE4-8BF7-0F7FFFD6A031}.Release|Any CPU.ActiveCfg = Release|Any CPU
		{A07629E9-3CED-4EE4-8BF7-0F7FFFD6A031}.Release|Any CPU.Build.0 = Release|Any CPU
		{A07629E9-3CED-4EE4-8BF7-0F7FFFD6A031}.Release|x64.ActiveCfg = Release|Any CPU
		{A07629E9-3CED-4EE4-8BF7-0F7FFFD6A031}.Release|x64.Build.0 = Release|Any CPU
		{A07629E9-3CED-4EE4-8BF7-0F7FFFD6A031}.Release|x86.ActiveCfg = Release|Any CPU
		{A07629E9-3CED-4EE4-8BF7-0F7FFFD6A031}.Release|x86.Build.0 = Release|Any CPU
		{0F918406-7202-4A02-AD39-ACE495B7988F}.Debug|Any CPU.ActiveCfg = Debug|Any CPU
		{0F918406-7202-4A02-AD39-ACE495B7988F}.Debug|Any CPU.Build.0 = Debug|Any CPU
		{0F918406-7202-4A02-AD39-ACE495B7988F}.Debug|x64.ActiveCfg = Debug|Any CPU
		{0F918406-7202-4A02-AD39-ACE495B7988F}.Debug|x64.Build.0 = Debug|Any CPU
		{0F918406-7202-4A02-AD39-ACE495B7988F}.Debug|x86.ActiveCfg = Debug|Any CPU
		{0F918406-7202-4A02-AD39-ACE495B7988F}.Debug|x86.Build.0 = Debug|Any CPU
		{0F918406-7202-4A02-AD39-ACE495B7988F}.Release|Any CPU.ActiveCfg = Release|Any CPU
		{0F918406-7202-4A02-AD39-ACE495B7988F}.Release|Any CPU.Build.0 = Release|Any CPU
		{0F918406-7202-4A02-AD39-ACE495B7988F}.Release|x64.ActiveCfg = Release|Any CPU
		{0F918406-7202-4A02-AD39-ACE495B7988F}.Release|x64.Build.0 = Release|Any CPU
		{0F918406-7202-4A02-AD39-ACE495B7988F}.Release|x86.ActiveCfg = Release|Any CPU
		{0F918406-7202-4A02-AD39-ACE495B7988F}.Release|x86.Build.0 = Release|Any CPU
		{619E91C2-AD06-4DBB-868A-6070922629D0}.Debug|Any CPU.ActiveCfg = Debug|Any CPU
		{619E91C2-AD06-4DBB-868A-6070922629D0}.Debug|Any CPU.Build.0 = Debug|Any CPU
		{619E91C2-AD06-4DBB-868A-6070922629D0}.Debug|x64.ActiveCfg = Debug|Any CPU
		{619E91C2-AD06-4DBB-868A-6070922629D0}.Debug|x64.Build.0 = Debug|Any CPU
		{619E91C2-AD06-4DBB-868A-6070922629D0}.Debug|x86.ActiveCfg = Debug|Any CPU
		{619E91C2-AD06-4DBB-868A-6070922629D0}.Debug|x86.Build.0 = Debug|Any CPU
		{619E91C2-AD06-4DBB-868A-6070922629D0}.Release|Any CPU.ActiveCfg = Release|Any CPU
		{619E91C2-AD06-4DBB-868A-6070922629D0}.Release|Any CPU.Build.0 = Release|Any CPU
		{619E91C2-AD06-4DBB-868A-6070922629D0}.Release|x64.ActiveCfg = Release|Any CPU
		{619E91C2-AD06-4DBB-868A-6070922629D0}.Release|x64.Build.0 = Release|Any CPU
		{619E91C2-AD06-4DBB-868A-6070922629D0}.Release|x86.ActiveCfg = Release|Any CPU
		{619E91C2-AD06-4DBB-868A-6070922629D0}.Release|x86.Build.0 = Release|Any CPU
	EndGlobalSection
	GlobalSection(SolutionProperties) = preSolution
		HideSolutionNode = FALSE
	EndGlobalSection
	GlobalSection(ExtensibilityGlobals) = postSolution
		SolutionGuid = {FF57039B-93F0-4361-BBA6-1B916FBB5E93}
	EndGlobalSection
EndGlobal
